
Microsoft Visual Studio Solution File, Format Version 12.00
# Visual Studio 15
VisualStudioVersion = 15.0.28307.1209
MinimumVisualStudioVersion = 10.0.40219.1
Project("{FAE04EC0-301F-11D3-BF4B-00C04F79EFBC}") = "PassiveAggressor", "PassiveAggressor\PassiveAggressor.csproj", "{35D72DE5-4B21-434D-9502-86EF07878B56}"
EndProject
Global
	GlobalSection(SolutionConfigurationPlatforms) = preSolution
		Debug|x64 = Debug|x64
		Release|x64 = Release|x64
	EndGlobalSection
	GlobalSection(ProjectConfigurationPlatforms) = postSolution
		{35D72DE5-4B21-434D-9502-86EF07878B56}.Debug|x64.ActiveCfg = Debug|Any CPU
		{35D72DE5-4B21-434D-9502-86EF07878B56}.Debug|x64.Build.0 = Debug|Any CPU
		{35D72DE5-4B21-434D-9502-86EF07878B56}.Release|x64.ActiveCfg = Release|Any CPU
		{35D72DE5-4B21-434D-9502-86EF07878B56}.Release|x64.Build.0 = Release|Any CPU
	EndGlobalSection
	GlobalSection(SolutionProperties) = preSolution
		HideSolutionNode = FALSE
	EndGlobalSection
	GlobalSection(ExtensibilityGlobals) = postSolution
		SolutionGuid = {8BBCCD0B-0D71-46C4-AF45-2B089F787BC9}
	EndGlobalSection
EndGlobal
